
Microsoft Visual Studio Solution File, Format Version 12.00
# Visual Studio Version 17
VisualStudioVersion = 17.2.32602.215
MinimumVisualStudioVersion = 10.0.40219.1
Project("{FAE04EC0-301F-11D3-BF4B-00C04F79EFBC}") = "Lecture 2 Constructors", "Lecture 2 Constructors.csproj", "{69C8444A-532D-440B-9497-24E46465D5DF}"
EndProject
Global
	GlobalSection(SolutionConfigurationPlatforms) = preSolution
		Debug|Any CPU = Debug|Any CPU
		Release|Any CPU = Release|Any CPU
	EndGlobalSection
	GlobalSection(ProjectConfigurationPlatforms) = postSolution
		{69C8444A-532D-440B-9497-24E46465D5DF}.Debug|Any CPU.ActiveCfg = Debug|Any CPU
		{69C8444A-532D-440B-9497-24E46465D5DF}.Debug|Any CPU.Build.0 = Debug|Any CPU
		{69C8444A-532D-440B-9497-24E46465D5DF}.Release|Any CPU.ActiveCfg = Release|Any CPU
		{69C8444A-532D-440B-9497-24E46465D5DF}.Release|Any CPU.Build.0 = Release|Any CPU
	EndGlobalSection
	GlobalSection(SolutionProperties) = preSolution
		HideSolutionNode = FALSE
	EndGlobalSection
	GlobalSection(ExtensibilityGlobals) = postSolution
		SolutionGuid = {6606DCCE-4914-4F7C-9FB0-594E20D4212A}
	EndGlobalSection
EndGlobal
